// !$*UTF8*$!
{
	archiveVersion = 1;
	classes = {
	};
	objectVersion = 56;
	objects = {

/* Begin PBXBuildFile section */
		7A36C54429E57F56000EC819 /* ChatView.swift in Sources */ = {isa = PBXBuildFile; fileRef = 7A36C54329E57F56000EC819 /* ChatView.swift */; };
		7A36C54729E57FA2000EC819 /* ChatViewModel.swift in Sources */ = {isa = PBXBuildFile; fileRef = 7A36C54629E57FA2000EC819 /* ChatViewModel.swift */; };
		7A36C54A29E57FE4000EC819 /* ServiceManager.swift in Sources */ = {isa = PBXBuildFile; fileRef = 7A36C54929E57FE4000EC819 /* ServiceManager.swift */; };
		7A36C54C29E58152000EC819 /* ChatService.swift in Sources */ = {isa = PBXBuildFile; fileRef = 7A36C54B29E58152000EC819 /* ChatService.swift */; };
		7AEA2B0529DE5735007D9C8E /* AppDelegate.swift in Sources */ = {isa = PBXBuildFile; fileRef = 7AEA2B0429DE5735007D9C8E /* AppDelegate.swift */; };
		7AEA2B0729DE5735007D9C8E /* SceneDelegate.swift in Sources */ = {isa = PBXBuildFile; fileRef = 7AEA2B0629DE5735007D9C8E /* SceneDelegate.swift */; };
		7AEA2B0929DE5735007D9C8E /* ChatViewController.swift in Sources */ = {isa = PBXBuildFile; fileRef = 7AEA2B0829DE5735007D9C8E /* ChatViewController.swift */; };
		7AEA2B0E29DE5737007D9C8E /* Assets.xcassets in Resources */ = {isa = PBXBuildFile; fileRef = 7AEA2B0D29DE5737007D9C8E /* Assets.xcassets */; };
		7AEA2B1129DE5737007D9C8E /* LaunchScreen.storyboard in Resources */ = {isa = PBXBuildFile; fileRef = 7AEA2B0F29DE5737007D9C8E /* LaunchScreen.storyboard */; };
		7AEA2B1A29DE582E007D9C8E /* OpenAISwift in Frameworks */ = {isa = PBXBuildFile; productRef = 7AEA2B1929DE582E007D9C8E /* OpenAISwift */; };
		7AEA2B1C29DE5A2B007D9C8E /* API.swift in Sources */ = {isa = PBXBuildFile; fileRef = 7AEA2B1B29DE5A2B007D9C8E /* API.swift */; };
/* End PBXBuildFile section */

/* Begin PBXFileReference section */
		7A36C54329E57F56000EC819 /* ChatView.swift */ = {isa = PBXFileReference; lastKnownFileType = sourcecode.swift; path = ChatView.swift; sourceTree = "<group>"; };
		7A36C54629E57FA2000EC819 /* ChatViewModel.swift */ = {isa = PBXFileReference; lastKnownFileType = sourcecode.swift; path = ChatViewModel.swift; sourceTree = "<group>"; };
		7A36C54929E57FE4000EC819 /* ServiceManager.swift */ = {isa = PBXFileReference; lastKnownFileType = sourcecode.swift; path = ServiceManager.swift; sourceTree = "<group>"; };
		7A36C54B29E58152000EC819 /* ChatService.swift */ = {isa = PBXFileReference; lastKnownFileType = sourcecode.swift; path = ChatService.swift; sourceTree = "<group>"; };
		7AEA2B0129DE5735007D9C8E /* JVGPT.app */ = {isa = PBXFileReference; explicitFileType = wrapper.application; includeInIndex = 0; path = JVGPT.app; sourceTree = BUILT_PRODUCTS_DIR; };
		7AEA2B0429DE5735007D9C8E /* AppDelegate.swift */ = {isa = PBXFileReference; lastKnownFileType = sourcecode.swift; path = AppDelegate.swift; sourceTree = "<group>"; };
		7AEA2B0629DE5735007D9C8E /* SceneDelegate.swift */ = {isa = PBXFileReference; lastKnownFileType = sourcecode.swift; path = SceneDelegate.swift; sourceTree = "<group>"; };
		7AEA2B0829DE5735007D9C8E /* ChatViewController.swift */ = {isa = PBXFileReference; lastKnownFileType = sourcecode.swift; path = ChatViewController.swift; sourceTree = "<group>"; };
		7AEA2B0D29DE5737007D9C8E /* Assets.xcassets */ = {isa = PBXFileReference; lastKnownFileType = folder.assetcatalog; path = Assets.xcassets; sourceTree = "<group>"; };
		7AEA2B1029DE5737007D9C8E /* Base */ = {isa = PBXFileReference; lastKnownFileType = file.storyboard; name = Base; path = Base.lproj/LaunchScreen.storyboard; sourceTree = "<group>"; };
		7AEA2B1229DE5737007D9C8E /* Info.plist */ = {isa = PBXFileReference; lastKnownFileType = text.plist.xml; path = Info.plist; sourceTree = "<group>"; };
		7AEA2B1B29DE5A2B007D9C8E /* API.swift */ = {isa = PBXFileReference; lastKnownFileType = sourcecode.swift; path = API.swift; sourceTree = "<group>"; };
/* End PBXFileReference section */

/* Begin PBXFrameworksBuildPhase section */
		7AEA2AFE29DE5735007D9C8E /* Frameworks */ = {
			isa = PBXFrameworksBuildPhase;
			buildActionMask = 2147483647;
			files = (
				7AEA2B1A29DE582E007D9C8E /* OpenAISwift in Frameworks */,
			);
			runOnlyForDeploymentPostprocessing = 0;
		};
/* End PBXFrameworksBuildPhase section */

/* Begin PBXGroup section */
		7A36C54129E57E83000EC819 /* ChatViewController */ = {
			isa = PBXGroup;
			children = (
				7AEA2B0829DE5735007D9C8E /* ChatViewController.swift */,
				7A36C54529E57F6E000EC819 /* ViewModel */,
				7A36C54229E57F34000EC819 /* View */,
			);
			path = ChatViewController;
			sourceTree = "<group>";
		};
		7A36C54229E57F34000EC819 /* View */ = {
			isa = PBXGroup;
			children = (
				7A36C54329E57F56000EC819 /* ChatView.swift */,
			);
			path = View;
			sourceTree = "<group>";
		};
		7A36C54529E57F6E000EC819 /* ViewModel */ = {
			isa = PBXGroup;
			children = (
				7A36C54629E57FA2000EC819 /* ChatViewModel.swift */,
			);
			path = ViewModel;
			sourceTree = "<group>";
		};
		7A36C54829E57FBD000EC819 /* Service */ = {
			isa = PBXGroup;
			children = (
				7AEA2B1B29DE5A2B007D9C8E /* API.swift */,
				7A36C54929E57FE4000EC819 /* ServiceManager.swift */,
				7A36C54B29E58152000EC819 /* ChatService.swift */,
			);
			path = Service;
			sourceTree = "<group>";
		};
		7AEA2AF829DE5735007D9C8E = {
			isa = PBXGroup;
			children = (
				7AEA2B0329DE5735007D9C8E /* JVGPT */,
				7AEA2B0229DE5735007D9C8E /* Products */,
			);
			sourceTree = "<group>";
		};
		7AEA2B0229DE5735007D9C8E /* Products */ = {
			isa = PBXGroup;
			children = (
				7AEA2B0129DE5735007D9C8E /* JVGPT.app */,
			);
			name = Products;
			sourceTree = "<group>";
		};
		7AEA2B0329DE5735007D9C8E /* JVGPT */ = {
			isa = PBXGroup;
			children = (
				7A36C54829E57FBD000EC819 /* Service */,
				7A36C54129E57E83000EC819 /* ChatViewController */,
				7AEA2B0429DE5735007D9C8E /* AppDelegate.swift */,
				7AEA2B0629DE5735007D9C8E /* SceneDelegate.swift */,
				7AEA2B0D29DE5737007D9C8E /* Assets.xcassets */,
				7AEA2B0F29DE5737007D9C8E /* LaunchScreen.storyboard */,
				7AEA2B1229DE5737007D9C8E /* Info.plist */,
			);
			path = JVGPT;
			sourceTree = "<group>";
		};
/* End PBXGroup section */

/* Begin PBXNativeTarget section */
		7AEA2B0029DE5735007D9C8E /* JVGPT */ = {
			isa = PBXNativeTarget;
			buildConfigurationList = 7AEA2B1529DE5737007D9C8E /* Build configuration list for PBXNativeTarget "JVGPT" */;
			buildPhases = (
				7AEA2AFD29DE5735007D9C8E /* Sources */,
				7AEA2AFE29DE5735007D9C8E /* Frameworks */,
				7AEA2AFF29DE5735007D9C8E /* Resources */,
			);
			buildRules = (
			);
			dependencies = (
			);
			name = JVGPT;
			packageProductDependencies = (
				7AEA2B1929DE582E007D9C8E /* OpenAISwift */,
			);
			productName = JVGPT;
			productReference = 7AEA2B0129DE5735007D9C8E /* JVGPT.app */;
			productType = "com.apple.product-type.application";
		};
/* End PBXNativeTarget section */

/* Begin PBXProject section */
		7AEA2AF929DE5735007D9C8E /* Project object */ = {
			isa = PBXProject;
			attributes = {
				BuildIndependentTargetsInParallel = 1;
				LastSwiftUpdateCheck = 1430;
				LastUpgradeCheck = 1430;
				TargetAttributes = {
					7AEA2B0029DE5735007D9C8E = {
						CreatedOnToolsVersion = 14.3;
					};
				};
			};
			buildConfigurationList = 7AEA2AFC29DE5735007D9C8E /* Build configuration list for PBXProject "JVGPT" */;
			compatibilityVersion = "Xcode 14.0";
			developmentRegion = en;
			hasScannedForEncodings = 0;
			knownRegions = (
				en,
				Base,
			);
			mainGroup = 7AEA2AF829DE5735007D9C8E;
			packageReferences = (
				7AEA2B1829DE582E007D9C8E /* XCRemoteSwiftPackageReference "OpenAISwift" */,
			);
			productRefGroup = 7AEA2B0229DE5735007D9C8E /* Products */;
			projectDirPath = "";
			projectRoot = "";
			targets = (
				7AEA2B0029DE5735007D9C8E /* JVGPT */,
			);
		};
/* End PBXProject section */

/* Begin PBXResourcesBuildPhase section */
		7AEA2AFF29DE5735007D9C8E /* Resources */ = {
			isa = PBXResourcesBuildPhase;
			buildActionMask = 2147483647;
			files = (
				7AEA2B1129DE5737007D9C8E /* LaunchScreen.storyboard in Resources */,
				7AEA2B0E29DE5737007D9C8E /* Assets.xcassets in Resources */,
			);
			runOnlyForDeploymentPostprocessing = 0;
		};
/* End PBXResourcesBuildPhase section */

/* Begin PBXSourcesBuildPhase section */
		7AEA2AFD29DE5735007D9C8E /* Sources */ = {
			isa = PBXSourcesBuildPhase;
			buildActionMask = 2147483647;
			files = (
				7AEA2B0929DE5735007D9C8E /* ChatViewController.swift in Sources */,
				7AEA2B0529DE5735007D9C8E /* AppDelegate.swift in Sources */,
				7A36C54429E57F56000EC819 /* ChatView.swift in Sources */,
				7AEA2B1C29DE5A2B007D9C8E /* API.swift in Sources */,
				7A36C54729E57FA2000EC819 /* ChatViewModel.swift in Sources */,
				7A36C54C29E58152000EC819 /* ChatService.swift in Sources */,
				7A36C54A29E57FE4000EC819 /* ServiceManager.swift in Sources */,
				7AEA2B0729DE5735007D9C8E /* SceneDelegate.swift in Sources */,
			);
			runOnlyForDeploymentPostprocessing = 0;
		};
/* End PBXSourcesBuildPhase section */

/* Begin PBXVariantGroup section */
		7AEA2B0F29DE5737007D9C8E /* LaunchScreen.storyboard */ = {
			isa = PBXVariantGroup;
			children = (
				7AEA2B1029DE5737007D9C8E /* Base */,
			);
			name = LaunchScreen.storyboard;
			sourceTree = "<group>";
		};
/* End PBXVariantGroup section */

/* Begin XCBuildConfiguration section */
		7AEA2B1329DE5737007D9C8E /* Debug */ = {
			isa = XCBuildConfiguration;
			buildSettings = {
				ALWAYS_SEARCH_USER_PATHS = NO;
				CLANG_ANALYZER_NONNULL = YES;
				CLANG_ANALYZER_NUMBER_OBJECT_CONVERSION = YES_AGGRESSIVE;
				CLANG_CXX_LANGUAGE_STANDARD = "gnu++20";
				CLANG_ENABLE_MODULES = YES;
				CLANG_ENABLE_OBJC_ARC = YES;
				CLANG_ENABLE_OBJC_WEAK = YES;
				CLANG_WARN_BLOCK_CAPTURE_AUTORELEASING = YES;
				CLANG_WARN_BOOL_CONVERSION = YES;
				CLANG_WARN_COMMA = YES;
				CLANG_WARN_CONSTANT_CONVERSION = YES;
				CLANG_WARN_DEPRECATED_OBJC_IMPLEMENTATIONS = YES;
				CLANG_WARN_DIRECT_OBJC_ISA_USAGE = YES_ERROR;
				CLANG_WARN_DOCUMENTATION_COMMENTS = YES;
				CLANG_WARN_EMPTY_BODY = YES;
				CLANG_WARN_ENUM_CONVERSION = YES;
				CLANG_WARN_INFINITE_RECURSION = YES;
				CLANG_WARN_INT_CONVERSION = YES;
				CLANG_WARN_NON_LITERAL_NULL_CONVERSION = YES;
				CLANG_WARN_OBJC_IMPLICIT_RETAIN_SELF = YES;
				CLANG_WARN_OBJC_LITERAL_CONVERSION = YES;
				CLANG_WARN_OBJC_ROOT_CLASS = YES_ERROR;
				CLANG_WARN_QUOTED_INCLUDE_IN_FRAMEWORK_HEADER = YES;
				CLANG_WARN_RANGE_LOOP_ANALYSIS = YES;
				CLANG_WARN_STRICT_PROTOTYPES = YES;
				CLANG_WARN_SUSPICIOUS_MOVE = YES;
				CLANG_WARN_UNGUARDED_AVAILABILITY = YES_AGGRESSIVE;
				CLANG_WARN_UNREACHABLE_CODE = YES;
				CLANG_WARN__DUPLICATE_METHOD_MATCH = YES;
				COPY_PHASE_STRIP = NO;
				DEBUG_INFORMATION_FORMAT = dwarf;
				ENABLE_STRICT_OBJC_MSGSEND = YES;
				ENABLE_TESTABILITY = YES;
				GCC_C_LANGUAGE_STANDARD = gnu11;
				GCC_DYNAMIC_NO_PIC = NO;
				GCC_NO_COMMON_BLOCKS = YES;
				GCC_OPTIMIZATION_LEVEL = 0;
				GCC_PREPROCESSOR_DEFINITIONS = (
					"DEBUG=1",
					"$(inherited)",
				);
				GCC_WARN_64_TO_32_BIT_CONVERSION = YES;
				GCC_WARN_ABOUT_RETURN_TYPE = YES_ERROR;
				GCC_WARN_UNDECLARED_SELECTOR = YES;
				GCC_WARN_UNINITIALIZED_AUTOS = YES_AGGRESSIVE;
				GCC_WARN_UNUSED_FUNCTION = YES;
				GCC_WARN_UNUSED_VARIABLE = YES;
				IPHONEOS_DEPLOYMENT_TARGET = 16.4;
				MTL_ENABLE_DEBUG_INFO = INCLUDE_SOURCE;
				MTL_FAST_MATH = YES;
				ONLY_ACTIVE_ARCH = YES;
				SDKROOT = iphoneos;
				SWIFT_ACTIVE_COMPILATION_CONDITIONS = DEBUG;
				SWIFT_OPTIMIZATION_LEVEL = "-Onone";
			};
			name = Debug;
		};
		7AEA2B1429DE5737007D9C8E /* Release */ = {
			isa = XCBuildConfiguration;
			buildSettings = {
				ALWAYS_SEARCH_USER_PATHS = NO;
				CLANG_ANALYZER_NONNULL = YES;
				CLANG_ANALYZER_NUMBER_OBJECT_CONVERSION = YES_AGGRESSIVE;
				CLANG_CXX_LANGUAGE_STANDARD = "gnu++20";
				CLANG_ENABLE_MODULES = YES;
				CLANG_ENABLE_OBJC_ARC = YES;
				CLANG_ENABLE_OBJC_WEAK = YES;
				CLANG_WARN_BLOCK_CAPTURE_AUTORELEASING = YES;
				CLANG_WARN_BOOL_CONVERSION = YES;
				CLANG_WARN_COMMA = YES;
				CLANG_WARN_CONSTANT_CONVERSION = YES;
				CLANG_WARN_DEPRECATED_OBJC_IMPLEMENTATIONS = YES;
				CLANG_WARN_DIRECT_OBJC_ISA_USAGE = YES_ERROR;
				CLANG_WARN_DOCUMENTATION_COMMENTS = YES;
				CLANG_WARN_EMPTY_BODY = YES;
				CLANG_WARN_ENUM_CONVERSION = YES;
				CLANG_WARN_INFINITE_RECURSION = YES;
				CLANG_WARN_INT_CONVERSION = YES;
				CLANG_WARN_NON_LITERAL_NULL_CONVERSION = YES;
				CLANG_WARN_OBJC_IMPLICIT_RETAIN_SELF = YES;
				CLANG_WARN_OBJC_LITERAL_CONVERSION = YES;
				CLANG_WARN_OBJC_ROOT_CLASS = YES_ERROR;
				CLANG_WARN_QUOTED_INCLUDE_IN_FRAMEWORK_HEADER = YES;
				CLANG_WARN_RANGE_LOOP_ANALYSIS = YES;
				CLANG_WARN_STRICT_PROTOTYPES = YES;
				CLANG_WARN_SUSPICIOUS_MOVE = YES;
				CLANG_WARN_UNGUARDED_AVAILABILITY = YES_AGGRESSIVE;
				CLANG_WARN_UNREACHABLE_CODE = YES;
				CLANG_WARN__DUPLICATE_METHOD_MATCH = YES;
				COPY_PHASE_STRIP = NO;
				DEBUG_INFORMATION_FORMAT = "dwarf-with-dsym";
				ENABLE_NS_ASSERTIONS = NO;
				ENABLE_STRICT_OBJC_MSGSEND = YES;
				GCC_C_LANGUAGE_STANDARD = gnu11;
				GCC_NO_COMMON_BLOCKS = YES;
				GCC_WARN_64_TO_32_BIT_CONVERSION = YES;
				GCC_WARN_ABOUT_RETURN_TYPE = YES_ERROR;
				GCC_WARN_UNDECLARED_SELECTOR = YES;
				GCC_WARN_UNINITIALIZED_AUTOS = YES_AGGRESSIVE;
				GCC_WARN_UNUSED_FUNCTION = YES;
				GCC_WARN_UNUSED_VARIABLE = YES;
				IPHONEOS_DEPLOYMENT_TARGET = 16.4;
				MTL_ENABLE_DEBUG_INFO = NO;
				MTL_FAST_MATH = YES;
				SDKROOT = iphoneos;
				SWIFT_COMPILATION_MODE = wholemodule;
				SWIFT_OPTIMIZATION_LEVEL = "-O";
				VALIDATE_PRODUCT = YES;
			};
			name = Release;
		};
		7AEA2B1629DE5737007D9C8E /* Debug */ = {
			isa = XCBuildConfiguration;
			buildSettings = {
				ASSETCATALOG_COMPILER_APPICON_NAME = AppIcon;
				ASSETCATALOG_COMPILER_GLOBAL_ACCENT_COLOR_NAME = AccentColor;
				CODE_SIGN_STYLE = Automatic;
				CURRENT_PROJECT_VERSION = 1;
				DEVELOPMENT_TEAM = FYSBP62SYJ;
				GENERATE_INFOPLIST_FILE = YES;
				INFOPLIST_FILE = JVGPT/Info.plist;
				INFOPLIST_KEY_UIApplicationSupportsIndirectInputEvents = YES;
				INFOPLIST_KEY_UILaunchStoryboardName = LaunchScreen;
				INFOPLIST_KEY_UISupportedInterfaceOrientations_iPad = "UIInterfaceOrientationPortrait UIInterfaceOrientationPortraitUpsideDown UIInterfaceOrientationLandscapeLeft UIInterfaceOrientationLandscapeRight";
				INFOPLIST_KEY_UISupportedInterfaceOrientations_iPhone = "UIInterfaceOrientationPortrait UIInterfaceOrientationLandscapeLeft UIInterfaceOrientationLandscapeRight";
				LD_RUNPATH_SEARCH_PATHS = (
					"$(inherited)",
					"@executable_path/Frameworks",
				);
				MARKETING_VERSION = 1.0;
				PRODUCT_BUNDLE_IDENTIFIER = com.Joaovitor.JVGPT;
				PRODUCT_NAME = "$(TARGET_NAME)";
				SWIFT_EMIT_LOC_STRINGS = YES;
				SWIFT_VERSION = 5.0;
				TARGETED_DEVICE_FAMILY = "1,2";
			};
			name = Debug;
		};
		7AEA2B1729DE5737007D9C8E /* Release */ = {
			isa = XCBuildConfiguration;
			buildSettings = {
				ASSETCATALOG_COMPILER_APPICON_NAME = AppIcon;
				ASSETCATALOG_COMPILER_GLOBAL_ACCENT_COLOR_NAME = AccentColor;
				CODE_SIGN_STYLE = Automatic;
				CURRENT_PROJECT_VERSION = 1;
				DEVELOPMENT_TEAM = FYSBP62SYJ;
				GENERATE_INFOPLIST_FILE = YES;
				INFOPLIST_FILE = JVGPT/Info.plist;
				INFOPLIST_KEY_UIApplicationSupportsIndirectInputEvents = YES;
				INFOPLIST_KEY_UILaunchStoryboardName = LaunchScreen;
				INFOPLIST_KEY_UISupportedInterfaceOrientations_iPad = "UIInterfaceOrientationPortrait UIInterfaceOrientationPortraitUpsideDown UIInterfaceOrientationLandscapeLeft UIInterfaceOrientationLandscapeRight";
				INFOPLIST_KEY_UISupportedInterfaceOrientations_iPhone = "UIInterfaceOrientationPortrait UIInterfaceOrientationLandscapeLeft UIInterfaceOrientationLandscapeRight";
				LD_RUNPATH_SEARCH_PATHS = (
					"$(inherited)",
					"@executable_path/Frameworks",
				);
				MARKETING_VERSION = 1.0;
				PRODUCT_BUNDLE_IDENTIFIER = com.Joaovitor.JVGPT;
				PRODUCT_NAME = "$(TARGET_NAME)";
				SWIFT_EMIT_LOC_STRINGS = YES;
				SWIFT_VERSION = 5.0;
				TARGETED_DEVICE_FAMILY = "1,2";
			};
			name = Release;
		};
/* End XCBuildConfiguration section */

/* Begin XCConfigurationList section */
		7AEA2AFC29DE5735007D9C8E /* Build configuration list for PBXProject "JVGPT" */ = {
			isa = XCConfigurationList;
			buildConfigurations = (
				7AEA2B1329DE5737007D9C8E /* Debug */,
				7AEA2B1429DE5737007D9C8E /* Release */,
			);
			defaultConfigurationIsVisible = 0;
			defaultConfigurationName = Release;
		};
		7AEA2B1529DE5737007D9C8E /* Build configuration list for PBXNativeTarget "JVGPT" */ = {
			isa = XCConfigurationList;
			buildConfigurations = (
				7AEA2B1629DE5737007D9C8E /* Debug */,
				7AEA2B1729DE5737007D9C8E /* Release */,
			);
			defaultConfigurationIsVisible = 0;
			defaultConfigurationName = Release;
		};
/* End XCConfigurationList section */

/* Begin XCRemoteSwiftPackageReference section */
		7AEA2B1829DE582E007D9C8E /* XCRemoteSwiftPackageReference "OpenAISwift" */ = {
			isa = XCRemoteSwiftPackageReference;
			repositoryURL = "https://github.com/adamrushy/OpenAISwift.git";
			requirement = {
				branch = main;
				kind = branch;
			};
		};
/* End XCRemoteSwiftPackageReference section */

/* Begin XCSwiftPackageProductDependency section */
		7AEA2B1929DE582E007D9C8E /* OpenAISwift */ = {
			isa = XCSwiftPackageProductDependency;
			package = 7AEA2B1829DE582E007D9C8E /* XCRemoteSwiftPackageReference "OpenAISwift" */;
			productName = OpenAISwift;
		};
/* End XCSwiftPackageProductDependency section */
	};
	rootObject = 7AEA2AF929DE5735007D9C8E /* Project object */;
}
